
Microsoft Visual Studio Solution File, Format Version 12.00
# Visual Studio Version 17
VisualStudioVersion = 17.6.33723.286
MinimumVisualStudioVersion = 10.0.40219.1
Project("{FAE04EC0-301F-11D3-BF4B-00C04F79EFBC}") = "wBialy", "wBialy.csproj", "{0396214C-9C33-4CEE-B473-C277BDD66DC2}"
EndProject
Global
	GlobalSection(SolutionConfigurationPlatforms) = preSolution
		Debug|Any CPU = Debug|Any CPU
		Release|Any CPU = Release|Any CPU
	EndGlobalSection
	GlobalSection(ProjectConfigurationPlatforms) = postSolution
		{0396214C-9C33-4CEE-B473-C277BDD66DC2}.Debug|Any CPU.ActiveCfg = Debug|Any CPU
		{0396214C-9C33-4CEE-B473-C277BDD66DC2}.Debug|Any CPU.Build.0 = Debug|Any CPU
		{0396214C-9C33-4CEE-B473-C277BDD66DC2}.Release|Any CPU.ActiveCfg = Release|Any CPU
		{0396214C-9C33-4CEE-B473-C277BDD66DC2}.Release|Any CPU.Build.0 = Release|Any CPU
	EndGlobalSection
	GlobalSection(SolutionProperties) = preSolution
		HideSolutionNode = FALSE
	EndGlobalSection
	GlobalSection(ExtensibilityGlobals) = postSolution
		SolutionGuid = {C1C03C4D-9EA8-41F7-BC6A-D1C48441316F}
	EndGlobalSection
EndGlobal
